<?xml version="1.0" encoding="utf-8"?>
<Project ToolsVersion="4.0" xmlns="http://schemas.microsoft.com/developer/msbuild/2003">
  <ItemGroup>
    <Filter Include="源文件">
      <UniqueIdentifier>{4FC737F1-C7A5-4376-A066-2A32D752A2FF}</UniqueIdentifier>
      <Extensions>cpp;c;cc;cxx;def;odl;idl;hpj;bat;asm;asmx</Extensions>
    </Filter>
    <Filter Include="头文件">
      <UniqueIdentifier>{93995380-89BD-4b04-88EB-625FBE52EBFB}</UniqueIdentifier>
      <Extensions>h;hh;hpp;hxx;hm;inl;inc;xsd</Extensions>
    </Filter>
    <Filter Include="资源文件">
      <UniqueIdentifier>{67DA6AB6-F800-4c08-8B7A-83BB121AAD01}</UniqueIdentifier>
      <Extensions>rc;ico;cur;bmp;dlg;rc2;rct;bin;rgs;gif;jpg;jpeg;jpe;resx;tiff;tif;png;wav;mfcribbon-ms</Extensions>
    </Filter>
  </ItemGroup>
  <ItemGroup>
    <ClCompile Include="src\01_encode_video.c">
      <Filter>源文件</Filter>
    </ClCompile>
    <ClCompile Include="src\02_open_camera_sdl.cc">
      <Filter>源文件</Filter>
    </ClCompile>
    <ClCompile Include="src\03_open_camera_sdl_thread.cc">
      <Filter>源文件</Filter>
    </ClCompile>
    <ClCompile Include="src\04_screen_recorder_sdl_thread.cc">
      <Filter>源文件</Filter>
    </ClCompile>
    <ClCompile Include="src\05_decode_video.c">
      <Filter>源文件</Filter>
    </ClCompile>
    <ClCompile Include="src\06_video_player_h264_sdl.cc">
      <Filter>源文件</Filter>
    </ClCompile>
    <ClCompile Include="src\07_video_player_h264_sdl_thread.cc">
      <Filter>源文件</Filter>
    </ClCompile>
    <ClCompile Include="src\08_video_player_yuv_sdl_thread.cc">
      <Filter>源文件</Filter>
    </ClCompile>
    <ClCompile Include="src\09_ffmpeg_pure_decoder.cc">
      <Filter>源文件</Filter>
    </ClCompile>
    <ClCompile Include="src\11_audio_player_aac_sdl.cc">
      <Filter>源文件</Filter>
    </ClCompile>
    <ClCompile Include="src\12_basic_api_param.cc">
      <Filter>源文件</Filter>
    </ClCompile>
    <ClCompile Include="src\10_audio_player_pcm_sdl.cc">
      <Filter>源文件</Filter>
    </ClCompile>
  </ItemGroup>
</Project>